# This file was autogenerated by Stack.
# You should not edit this file by hand.
# For more information, please see the documentation at:
#   https://docs.haskellstack.org/en/stable/lock_files

packages:
- completed:
    hackage: lzo-0.1.1.3@sha256:19984772e1cacb27d86727d3ccd0a7ebe40fb61383cb4388172b40a81bb25d0c,3037
    pantry-tree:
      size: 754
      sha256: d97cbc30ba3ee03077582613e33cf0b8753bfa2fdcdb0b83e6f8e0bc9f8b7756
  original:
    hackage: lzo-0.1.1.3@sha256:19984772e1cacb27d86727d3ccd0a7ebe40fb61383cb4388172b40a81bb25d0c,3037
- completed:
    hackage: union-0.1.2@sha256:9f0f143ba2cf168c795339e1187001e96427bdcf9fe9af14b34a4f1ca5b531d8,2130
    pantry-tree:
      size: 330
      sha256: f1bc092a50de9cb9555747e1d3d3b4e30f494904aa168cbcc9b38103af90eee2
  original:
    hackage: union-0.1.2@sha256:9f0f143ba2cf168c795339e1187001e96427bdcf9fe9af14b34a4f1ca5b531d8,2130
snapshots:
- completed:
    size: 585603
    url: https://raw.githubusercontent.com/commercialhaskell/stackage-snapshots/master/lts/18/3.yaml
    sha256: 694573e96dca34db5636edb1fe6c96bb233ca0f9fb96c1ead1671cdfa9bd73e9
  original: lts-18.3
